
Microsoft Visual Studio Solution File, Format Version 12.00
# Visual Studio 15
VisualStudioVersion = 15.0.28307.572
MinimumVisualStudioVersion = 10.0.40219.1
Project("{FAE04EC0-301F-11D3-BF4B-00C04F79EFBC}") = "i Student", "Student Memorize Game\i Student.csproj", "{07605954-B1D8-47E1-9A3B-ED613D8165BD}"
EndProject
Project("{54435603-DBB4-11D2-8724-00A0C9A8B90C}") = "Setup1", "Setup1\Setup1.vdproj", "{C831C81C-66A0-4F1F-8BAC-809CE480F793}"
EndProject
Global
	GlobalSection(SolutionConfigurationPlatforms) = preSolution
		Debug|Any CPU = Debug|Any CPU
		Release|Any CPU = Release|Any CPU
	EndGlobalSection
	GlobalSection(ProjectConfigurationPlatforms) = postSolution
		{07605954-B1D8-47E1-9A3B-ED613D8165BD}.Debug|Any CPU.ActiveCfg = Debug|Any CPU
		{07605954-B1D8-47E1-9A3B-ED613D8165BD}.Debug|Any CPU.Build.0 = Debug|Any CPU
		{07605954-B1D8-47E1-9A3B-ED613D8165BD}.Release|Any CPU.ActiveCfg = Release|Any CPU
		{07605954-B1D8-47E1-9A3B-ED613D8165BD}.Release|Any CPU.Build.0 = Release|Any CPU
		{C831C81C-66A0-4F1F-8BAC-809CE480F793}.Debug|Any CPU.ActiveCfg = Debug
		{C831C81C-66A0-4F1F-8BAC-809CE480F793}.Release|Any CPU.ActiveCfg = Release
	EndGlobalSection
	GlobalSection(SolutionProperties) = preSolution
		HideSolutionNode = FALSE
	EndGlobalSection
	GlobalSection(ExtensibilityGlobals) = postSolution
		SolutionGuid = {882ED35C-42A4-4EB9-B6F2-83CDCDE24AF4}
	EndGlobalSection
EndGlobal
